// !$*UTF8*$!
{
	archiveVersion = 1;
	classes = {
	};
	objectVersion = 46;
	objects = {

/* Begin PBXBuildFile section */
		A9039FA617EE6E2900C28835 /* Cocoa.framework in Frameworks */ = {isa = PBXBuildFile; fileRef = A9039FA517EE6E2900C28835 /* Cocoa.framework */; };
		A9039FB017EE6E2900C28835 /* InfoPlist.strings in Resources */ = {isa = PBXBuildFile; fileRef = A9039FAE17EE6E2900C28835 /* InfoPlist.strings */; };
		A9039FB217EE6E2900C28835 /* main.m in Sources */ = {isa = PBXBuildFile; fileRef = A9039FB117EE6E2900C28835 /* main.m */; };
		A9039FB617EE6E2900C28835 /* Credits.rtf in Resources */ = {isa = PBXBuildFile; fileRef = A9039FB417EE6E2900C28835 /* Credits.rtf */; };
		A9039FB917EE6E2900C28835 /* ITPDocument.mm in Sources */ = {isa = PBXBuildFile; fileRef = A9039FB817EE6E2900C28835 /* ITPDocument.mm */; };
		A9039FBC17EE6E2900C28835 /* ITPDocument.xib in Resources */ = {isa = PBXBuildFile; fileRef = A9039FBA17EE6E2900C28835 /* ITPDocument.xib */; };
		A9039FBF17EE6E2900C28835 /* MainMenu.xib in Resources */ = {isa = PBXBuildFile; fileRef = A9039FBD17EE6E2900C28835 /* MainMenu.xib */; };
		A9039FC117EE6E2900C28835 /* Images.xcassets in Resources */ = {isa = PBXBuildFile; fileRef = A9039FC017EE6E2900C28835 /* Images.xcassets */; };
		A9039FC817EE6E2900C28835 /* XCTest.framework in Frameworks */ = {isa = PBXBuildFile; fileRef = A9039FC717EE6E2900C28835 /* XCTest.framework */; };
		A9039FC917EE6E2900C28835 /* Cocoa.framework in Frameworks */ = {isa = PBXBuildFile; fileRef = A9039FA517EE6E2900C28835 /* Cocoa.framework */; };
		A9039FD117EE6E2900C28835 /* InfoPlist.strings in Resources */ = {isa = PBXBuildFile; fileRef = A9039FCF17EE6E2900C28835 /* InfoPlist.strings */; };
		A9039FD317EE6E2900C28835 /* AppLauncherTests.m in Sources */ = {isa = PBXBuildFile; fileRef = A9039FD217EE6E2900C28835 /* AppLauncherTests.m */; };
		A9039FDE17EE783000C28835 /* ITPAppLauncherApplication.m in Sources */ = {isa = PBXBuildFile; fileRef = A9039FDD17EE783000C28835 /* ITPAppLauncherApplication.m */; };
		A9039FE217EE849E00C28835 /* remote_kill in Resources */ = {isa = PBXBuildFile; fileRef = A9039FE017EE849E00C28835 /* remote_kill */; };
		A9039FE317EE849E00C28835 /* remote_launch in Resources */ = {isa = PBXBuildFile; fileRef = A9039FE117EE849E00C28835 /* remote_launch */; };
		A9039FE517EE939D00C28835 /* remote_pkill in Resources */ = {isa = PBXBuildFile; fileRef = A9039FE417EE939D00C28835 /* remote_pkill */; };
		A903A06F17F641AA00C28835 /* GCDAsyncSocket.m in Sources */ = {isa = PBXBuildFile; fileRef = A903A06E17F641AA00C28835 /* GCDAsyncSocket.m */; };
		A903A07317F6452300C28835 /* Security.framework in Frameworks */ = {isa = PBXBuildFile; fileRef = A903A07217F6452300C28835 /* Security.framework */; };
		A903A07617F65FD000C28835 /* ITPApp.m in Sources */ = {isa = PBXBuildFile; fileRef = A903A07517F65FD000C28835 /* ITPApp.m */; };
/* End PBXBuildFile section */

/* Begin PBXContainerItemProxy section */
		A9039FCA17EE6E2900C28835 /* PBXContainerItemProxy */ = {
			isa = PBXContainerItemProxy;
			containerPortal = A9039F9A17EE6E2900C28835 /* Project object */;
			proxyType = 1;
			remoteGlobalIDString = A9039FA117EE6E2900C28835;
			remoteInfo = AppLauncher;
		};
/* End PBXContainerItemProxy section */

/* Begin PBXFileReference section */
		A9039FA217EE6E2900C28835 /* AppLauncher.app */ = {isa = PBXFileReference; explicitFileType = wrapper.application; includeInIndex = 0; path = AppLauncher.app; sourceTree = BUILT_PRODUCTS_DIR; };
		A9039FA517EE6E2900C28835 /* Cocoa.framework */ = {isa = PBXFileReference; lastKnownFileType = wrapper.framework; name = Cocoa.framework; path = System/Library/Frameworks/Cocoa.framework; sourceTree = SDKROOT; };
		A9039FA817EE6E2900C28835 /* AppKit.framework */ = {isa = PBXFileReference; lastKnownFileType = wrapper.framework; name = AppKit.framework; path = System/Library/Frameworks/AppKit.framework; sourceTree = SDKROOT; };
		A9039FA917EE6E2900C28835 /* CoreData.framework */ = {isa = PBXFileReference; lastKnownFileType = wrapper.framework; name = CoreData.framework; path = System/Library/Frameworks/CoreData.framework; sourceTree = SDKROOT; };
		A9039FAA17EE6E2900C28835 /* Foundation.framework */ = {isa = PBXFileReference; lastKnownFileType = wrapper.framework; name = Foundation.framework; path = System/Library/Frameworks/Foundation.framework; sourceTree = SDKROOT; };
		A9039FAD17EE6E2900C28835 /* AppLauncher-Info.plist */ = {isa = PBXFileReference; lastKnownFileType = text.plist.xml; path = "AppLauncher-Info.plist"; sourceTree = "<group>"; };
		A9039FAF17EE6E2900C28835 /* en */ = {isa = PBXFileReference; lastKnownFileType = text.plist.strings; name = en; path = en.lproj/InfoPlist.strings; sourceTree = "<group>"; };
		A9039FB117EE6E2900C28835 /* main.m */ = {isa = PBXFileReference; lastKnownFileType = sourcecode.c.objc; path = main.m; sourceTree = "<group>"; };
		A9039FB317EE6E2900C28835 /* AppLauncher-Prefix.pch */ = {isa = PBXFileReference; lastKnownFileType = sourcecode.c.h; path = "AppLauncher-Prefix.pch"; sourceTree = "<group>"; };
		A9039FB517EE6E2900C28835 /* en */ = {isa = PBXFileReference; lastKnownFileType = text.rtf; name = en; path = en.lproj/Credits.rtf; sourceTree = "<group>"; };
		A9039FB717EE6E2900C28835 /* ITPDocument.h */ = {isa = PBXFileReference; lastKnownFileType = sourcecode.c.h; path = ITPDocument.h; sourceTree = "<group>"; };
		A9039FB817EE6E2900C28835 /* ITPDocument.mm */ = {isa = PBXFileReference; lastKnownFileType = sourcecode.cpp.objcpp; path = ITPDocument.mm; sourceTree = "<group>"; };
		A9039FBB17EE6E2900C28835 /* Base */ = {isa = PBXFileReference; lastKnownFileType = file.xib; name = Base; path = Base.lproj/ITPDocument.xib; sourceTree = "<group>"; };
		A9039FBE17EE6E2900C28835 /* Base */ = {isa = PBXFileReference; lastKnownFileType = file.xib; name = Base; path = Base.lproj/MainMenu.xib; sourceTree = "<group>"; };
		A9039FC017EE6E2900C28835 /* Images.xcassets */ = {isa = PBXFileReference; lastKnownFileType = folder.assetcatalog; path = Images.xcassets; sourceTree = "<group>"; };
		A9039FC617EE6E2900C28835 /* AppLauncherTests.xctest */ = {isa = PBXFileReference; explicitFileType = wrapper.cfbundle; includeInIndex = 0; path = AppLauncherTests.xctest; sourceTree = BUILT_PRODUCTS_DIR; };
		A9039FC717EE6E2900C28835 /* XCTest.framework */ = {isa = PBXFileReference; lastKnownFileType = wrapper.framework; name = XCTest.framework; path = Library/Frameworks/XCTest.framework; sourceTree = DEVELOPER_DIR; };
		A9039FCE17EE6E2900C28835 /* AppLauncherTests-Info.plist */ = {isa = PBXFileReference; lastKnownFileType = text.plist.xml; path = "AppLauncherTests-Info.plist"; sourceTree = "<group>"; };
		A9039FD017EE6E2900C28835 /* en */ = {isa = PBXFileReference; lastKnownFileType = text.plist.strings; name = en; path = en.lproj/InfoPlist.strings; sourceTree = "<group>"; };
		A9039FD217EE6E2900C28835 /* AppLauncherTests.m */ = {isa = PBXFileReference; lastKnownFileType = sourcecode.c.objc; path = AppLauncherTests.m; sourceTree = "<group>"; };
		A9039FDC17EE783000C28835 /* ITPAppLauncherApplication.h */ = {isa = PBXFileReference; fileEncoding = 4; lastKnownFileType = sourcecode.c.h; path = ITPAppLauncherApplication.h; sourceTree = "<group>"; };
		A9039FDD17EE783000C28835 /* ITPAppLauncherApplication.m */ = {isa = PBXFileReference; fileEncoding = 4; lastKnownFileType = sourcecode.c.objc; path = ITPAppLauncherApplication.m; sourceTree = "<group>"; };
		A9039FE017EE849E00C28835 /* remote_kill */ = {isa = PBXFileReference; fileEncoding = 4; lastKnownFileType = text.script.sh; name = remote_kill; path = ../scripts/remote_kill; sourceTree = "<group>"; };
		A9039FE117EE849E00C28835 /* remote_launch */ = {isa = PBXFileReference; fileEncoding = 4; lastKnownFileType = text.script.sh; name = remote_launch; path = ../scripts/remote_launch; sourceTree = "<group>"; };
		A9039FE417EE939D00C28835 /* remote_pkill */ = {isa = PBXFileReference; fileEncoding = 4; lastKnownFileType = text.script.sh; name = remote_pkill; path = ../scripts/remote_pkill; sourceTree = "<group>"; };
		A903A06D17F641AA00C28835 /* GCDAsyncSocket.h */ = {isa = PBXFileReference; fileEncoding = 4; lastKnownFileType = sourcecode.c.h; path = GCDAsyncSocket.h; sourceTree = "<group>"; };
		A903A06E17F641AA00C28835 /* GCDAsyncSocket.m */ = {isa = PBXFileReference; fileEncoding = 4; lastKnownFileType = sourcecode.c.objc; path = GCDAsyncSocket.m; sourceTree = "<group>"; };
		A903A07217F6452300C28835 /* Security.framework */ = {isa = PBXFileReference; lastKnownFileType = wrapper.framework; name = Security.framework; path = System/Library/Frameworks/Security.framework; sourceTree = SDKROOT; };
		A903A07417F65FD000C28835 /* ITPApp.h */ = {isa = PBXFileReference; fileEncoding = 4; lastKnownFileType = sourcecode.c.h; path = ITPApp.h; sourceTree = "<group>"; };
		A903A07517F65FD000C28835 /* ITPApp.m */ = {isa = PBXFileReference; fileEncoding = 4; lastKnownFileType = sourcecode.c.objc; path = ITPApp.m; sourceTree = "<group>"; };
/* End PBXFileReference section */

/* Begin PBXFrameworksBuildPhase section */
		A9039F9F17EE6E2900C28835 /* Frameworks */ = {
			isa = PBXFrameworksBuildPhase;
			buildActionMask = 2147483647;
			files = (
				A903A07317F6452300C28835 /* Security.framework in Frameworks */,
				A9039FA617EE6E2900C28835 /* Cocoa.framework in Frameworks */,
			);
			runOnlyForDeploymentPostprocessing = 0;
		};
		A9039FC317EE6E2900C28835 /* Frameworks */ = {
			isa = PBXFrameworksBuildPhase;
			buildActionMask = 2147483647;
			files = (
				A9039FC917EE6E2900C28835 /* Cocoa.framework in Frameworks */,
				A9039FC817EE6E2900C28835 /* XCTest.framework in Frameworks */,
			);
			runOnlyForDeploymentPostprocessing = 0;
		};
/* End PBXFrameworksBuildPhase section */

/* Begin PBXGroup section */
		A9039F9917EE6E2900C28835 = {
			isa = PBXGroup;
			children = (
				A903A06C17F6419E00C28835 /* Socket */,
				A9039FDF17EE846000C28835 /* scripts */,
				A9039FAB17EE6E2900C28835 /* AppLauncher */,
				A9039FCC17EE6E2900C28835 /* AppLauncherTests */,
				A9039FA417EE6E2900C28835 /* Frameworks */,
				A9039FA317EE6E2900C28835 /* Products */,
			);
			sourceTree = "<group>";
		};
		A9039FA317EE6E2900C28835 /* Products */ = {
			isa = PBXGroup;
			children = (
				A9039FA217EE6E2900C28835 /* AppLauncher.app */,
				A9039FC617EE6E2900C28835 /* AppLauncherTests.xctest */,
			);
			name = Products;
			sourceTree = "<group>";
		};
		A9039FA417EE6E2900C28835 /* Frameworks */ = {
			isa = PBXGroup;
			children = (
				A903A07217F6452300C28835 /* Security.framework */,
				A9039FA517EE6E2900C28835 /* Cocoa.framework */,
				A9039FC717EE6E2900C28835 /* XCTest.framework */,
				A9039FA717EE6E2900C28835 /* Other Frameworks */,
			);
			name = Frameworks;
			sourceTree = "<group>";
		};
		A9039FA717EE6E2900C28835 /* Other Frameworks */ = {
			isa = PBXGroup;
			children = (
				A9039FA817EE6E2900C28835 /* AppKit.framework */,
				A9039FA917EE6E2900C28835 /* CoreData.framework */,
				A9039FAA17EE6E2900C28835 /* Foundation.framework */,
			);
			name = "Other Frameworks";
			sourceTree = "<group>";
		};
		A9039FAB17EE6E2900C28835 /* AppLauncher */ = {
			isa = PBXGroup;
			children = (
				A903A07417F65FD000C28835 /* ITPApp.h */,
				A903A07517F65FD000C28835 /* ITPApp.m */,
				A9039FB717EE6E2900C28835 /* ITPDocument.h */,
				A9039FB817EE6E2900C28835 /* ITPDocument.mm */,
				A9039FBA17EE6E2900C28835 /* ITPDocument.xib */,
				A9039FBD17EE6E2900C28835 /* MainMenu.xib */,
				A9039FC017EE6E2900C28835 /* Images.xcassets */,
				A9039FAC17EE6E2900C28835 /* Supporting Files */,
				A9039FDC17EE783000C28835 /* ITPAppLauncherApplication.h */,
				A9039FDD17EE783000C28835 /* ITPAppLauncherApplication.m */,
			);
			path = AppLauncher;
			sourceTree = "<group>";
		};
		A9039FAC17EE6E2900C28835 /* Supporting Files */ = {
			isa = PBXGroup;
			children = (
				A9039FAD17EE6E2900C28835 /* AppLauncher-Info.plist */,
				A9039FAE17EE6E2900C28835 /* InfoPlist.strings */,
				A9039FB117EE6E2900C28835 /* main.m */,
				A9039FB317EE6E2900C28835 /* AppLauncher-Prefix.pch */,
				A9039FB417EE6E2900C28835 /* Credits.rtf */,
			);
			name = "Supporting Files";
			sourceTree = "<group>";
		};
		A9039FCC17EE6E2900C28835 /* AppLauncherTests */ = {
			isa = PBXGroup;
			children = (
				A9039FD217EE6E2900C28835 /* AppLauncherTests.m */,
				A9039FCD17EE6E2900C28835 /* Supporting Files */,
			);
			path = AppLauncherTests;
			sourceTree = "<group>";
		};
		A9039FCD17EE6E2900C28835 /* Supporting Files */ = {
			isa = PBXGroup;
			children = (
				A9039FCE17EE6E2900C28835 /* AppLauncherTests-Info.plist */,
				A9039FCF17EE6E2900C28835 /* InfoPlist.strings */,
			);
			name = "Supporting Files";
			sourceTree = "<group>";
		};
		A9039FDF17EE846000C28835 /* scripts */ = {
			isa = PBXGroup;
			children = (
				A9039FE417EE939D00C28835 /* remote_pkill */,
				A9039FE017EE849E00C28835 /* remote_kill */,
				A9039FE117EE849E00C28835 /* remote_launch */,
			);
			name = scripts;
			sourceTree = "<group>";
		};
		A903A06C17F6419E00C28835 /* Socket */ = {
			isa = PBXGroup;
			children = (
				A903A06D17F641AA00C28835 /* GCDAsyncSocket.h */,
				A903A06E17F641AA00C28835 /* GCDAsyncSocket.m */,
			);
			name = Socket;
			sourceTree = "<group>";
		};
/* End PBXGroup section */

/* Begin PBXNativeTarget section */
		A9039FA117EE6E2900C28835 /* AppLauncher */ = {
			isa = PBXNativeTarget;
			buildConfigurationList = A9039FD617EE6E2900C28835 /* Build configuration list for PBXNativeTarget "AppLauncher" */;
			buildPhases = (
				A9039F9E17EE6E2900C28835 /* Sources */,
				A9039F9F17EE6E2900C28835 /* Frameworks */,
				A9039FA017EE6E2900C28835 /* Resources */,
			);
			buildRules = (
			);
			dependencies = (
			);
			name = AppLauncher;
			productName = AppLauncher;
			productReference = A9039FA217EE6E2900C28835 /* AppLauncher.app */;
			productType = "com.apple.product-type.application";
		};
		A9039FC517EE6E2900C28835 /* AppLauncherTests */ = {
			isa = PBXNativeTarget;
			buildConfigurationList = A9039FD917EE6E2900C28835 /* Build configuration list for PBXNativeTarget "AppLauncherTests" */;
			buildPhases = (
				A9039FC217EE6E2900C28835 /* Sources */,
				A9039FC317EE6E2900C28835 /* Frameworks */,
				A9039FC417EE6E2900C28835 /* Resources */,
			);
			buildRules = (
			);
			dependencies = (
				A9039FCB17EE6E2900C28835 /* PBXTargetDependency */,
			);
			name = AppLauncherTests;
			productName = AppLauncherTests;
			productReference = A9039FC617EE6E2900C28835 /* AppLauncherTests.xctest */;
			productType = "com.apple.product-type.bundle.unit-test";
		};
/* End PBXNativeTarget section */

/* Begin PBXProject section */
		A9039F9A17EE6E2900C28835 /* Project object */ = {
			isa = PBXProject;
			attributes = {
				CLASSPREFIX = ITP;
				LastUpgradeCheck = 0500;
				ORGANIZATIONNAME = ITP;
				TargetAttributes = {
					A9039FC517EE6E2900C28835 = {
						TestTargetID = A9039FA117EE6E2900C28835;
					};
				};
			};
			buildConfigurationList = A9039F9D17EE6E2900C28835 /* Build configuration list for PBXProject "AppLauncher" */;
			compatibilityVersion = "Xcode 3.2";
			developmentRegion = English;
			hasScannedForEncodings = 0;
			knownRegions = (
				en,
				Base,
			);
			mainGroup = A9039F9917EE6E2900C28835;
			productRefGroup = A9039FA317EE6E2900C28835 /* Products */;
			projectDirPath = "";
			projectRoot = "";
			targets = (
				A9039FA117EE6E2900C28835 /* AppLauncher */,
				A9039FC517EE6E2900C28835 /* AppLauncherTests */,
			);
		};
/* End PBXProject section */

/* Begin PBXResourcesBuildPhase section */
		A9039FA017EE6E2900C28835 /* Resources */ = {
			isa = PBXResourcesBuildPhase;
			buildActionMask = 2147483647;
			files = (
				A9039FE217EE849E00C28835 /* remote_kill in Resources */,
				A9039FB017EE6E2900C28835 /* InfoPlist.strings in Resources */,
				A9039FC117EE6E2900C28835 /* Images.xcassets in Resources */,
				A9039FE517EE939D00C28835 /* remote_pkill in Resources */,
				A9039FBC17EE6E2900C28835 /* ITPDocument.xib in Resources */,
				A9039FE317EE849E00C28835 /* remote_launch in Resources */,
				A9039FB617EE6E2900C28835 /* Credits.rtf in Resources */,
				A9039FBF17EE6E2900C28835 /* MainMenu.xib in Resources */,
			);
			runOnlyForDeploymentPostprocessing = 0;
		};
		A9039FC417EE6E2900C28835 /* Resources */ = {
			isa = PBXResourcesBuildPhase;
			buildActionMask = 2147483647;
			files = (
				A9039FD117EE6E2900C28835 /* InfoPlist.strings in Resources */,
			);
			runOnlyForDeploymentPostprocessing = 0;
		};
/* End PBXResourcesBuildPhase section */

/* Begin PBXSourcesBuildPhase section */
		A9039F9E17EE6E2900C28835 /* Sources */ = {
			isa = PBXSourcesBuildPhase;
			buildActionMask = 2147483647;
			files = (
				A903A06F17F641AA00C28835 /* GCDAsyncSocket.m in Sources */,
				A9039FB917EE6E2900C28835 /* ITPDocument.mm in Sources */,
				A9039FB217EE6E2900C28835 /* main.m in Sources */,
				A9039FDE17EE783000C28835 /* ITPAppLauncherApplication.m in Sources */,
				A903A07617F65FD000C28835 /* ITPApp.m in Sources */,
			);
			runOnlyForDeploymentPostprocessing = 0;
		};
		A9039FC217EE6E2900C28835 /* Sources */ = {
			isa = PBXSourcesBuildPhase;
			buildActionMask = 2147483647;
			files = (
				A9039FD317EE6E2900C28835 /* AppLauncherTests.m in Sources */,
			);
			runOnlyForDeploymentPostprocessing = 0;
		};
/* End PBXSourcesBuildPhase section */

/* Begin PBXTargetDependency section */
		A9039FCB17EE6E2900C28835 /* PBXTargetDependency */ = {
			isa = PBXTargetDependency;
			target = A9039FA117EE6E2900C28835 /* AppLauncher */;
			targetProxy = A9039FCA17EE6E2900C28835 /* PBXContainerItemProxy */;
		};
/* End PBXTargetDependency section */

/* Begin PBXVariantGroup section */
		A9039FAE17EE6E2900C28835 /* InfoPlist.strings */ = {
			isa = PBXVariantGroup;
			children = (
				A9039FAF17EE6E2900C28835 /* en */,
			);
			name = InfoPlist.strings;
			sourceTree = "<group>";
		};
		A9039FB417EE6E2900C28835 /* Credits.rtf */ = {
			isa = PBXVariantGroup;
			children = (
				A9039FB517EE6E2900C28835 /* en */,
			);
			name = Credits.rtf;
			sourceTree = "<group>";
		};
		A9039FBA17EE6E2900C28835 /* ITPDocument.xib */ = {
			isa = PBXVariantGroup;
			children = (
				A9039FBB17EE6E2900C28835 /* Base */,
			);
			name = ITPDocument.xib;
			sourceTree = "<group>";
		};
		A9039FBD17EE6E2900C28835 /* MainMenu.xib */ = {
			isa = PBXVariantGroup;
			children = (
				A9039FBE17EE6E2900C28835 /* Base */,
			);
			name = MainMenu.xib;
			sourceTree = "<group>";
		};
		A9039FCF17EE6E2900C28835 /* InfoPlist.strings */ = {
			isa = PBXVariantGroup;
			children = (
				A9039FD017EE6E2900C28835 /* en */,
			);
			name = InfoPlist.strings;
			sourceTree = "<group>";
		};
/* End PBXVariantGroup section */

/* Begin XCBuildConfiguration section */
		A9039FD417EE6E2900C28835 /* Debug */ = {
			isa = XCBuildConfiguration;
			buildSettings = {
				ALWAYS_SEARCH_USER_PATHS = NO;
				CLANG_CXX_LANGUAGE_STANDARD = "gnu++0x";
				CLANG_CXX_LIBRARY = "libc++";
				CLANG_ENABLE_OBJC_ARC = YES;
				CLANG_WARN_BOOL_CONVERSION = YES;
				CLANG_WARN_CONSTANT_CONVERSION = YES;
				CLANG_WARN_DIRECT_OBJC_ISA_USAGE = YES_ERROR;
				CLANG_WARN_EMPTY_BODY = YES;
				CLANG_WARN_ENUM_CONVERSION = YES;
				CLANG_WARN_INT_CONVERSION = YES;
				CLANG_WARN_OBJC_ROOT_CLASS = YES_ERROR;
				CLANG_WARN__DUPLICATE_METHOD_MATCH = YES;
				COPY_PHASE_STRIP = NO;
				GCC_C_LANGUAGE_STANDARD = gnu99;
				GCC_DYNAMIC_NO_PIC = NO;
				GCC_ENABLE_OBJC_EXCEPTIONS = YES;
				GCC_OPTIMIZATION_LEVEL = 0;
				GCC_PREPROCESSOR_DEFINITIONS = (
					"DEBUG=1",
					"$(inherited)",
				);
				GCC_SYMBOLS_PRIVATE_EXTERN = NO;
				GCC_WARN_64_TO_32_BIT_CONVERSION = YES;
				GCC_WARN_ABOUT_RETURN_TYPE = YES_ERROR;
				GCC_WARN_UNDECLARED_SELECTOR = YES;
				GCC_WARN_UNINITIALIZED_AUTOS = YES;
				GCC_WARN_UNUSED_FUNCTION = YES;
				GCC_WARN_UNUSED_VARIABLE = YES;
				MACOSX_DEPLOYMENT_TARGET = 10.8;
				ONLY_ACTIVE_ARCH = YES;
				SDKROOT = macosx;
			};
			name = Debug;
		};
		A9039FD517EE6E2900C28835 /* Release */ = {
			isa = XCBuildConfiguration;
			buildSettings = {
				ALWAYS_SEARCH_USER_PATHS = NO;
				CLANG_CXX_LANGUAGE_STANDARD = "gnu++0x";
				CLANG_CXX_LIBRARY = "libc++";
				CLANG_ENABLE_OBJC_ARC = YES;
				CLANG_WARN_BOOL_CONVERSION = YES;
				CLANG_WARN_CONSTANT_CONVERSION = YES;
				CLANG_WARN_DIRECT_OBJC_ISA_USAGE = YES_ERROR;
				CLANG_WARN_EMPTY_BODY = YES;
				CLANG_WARN_ENUM_CONVERSION = YES;
				CLANG_WARN_INT_CONVERSION = YES;
				CLANG_WARN_OBJC_ROOT_CLASS = YES_ERROR;
				CLANG_WARN__DUPLICATE_METHOD_MATCH = YES;
				COPY_PHASE_STRIP = YES;
				DEBUG_INFORMATION_FORMAT = "dwarf-with-dsym";
				ENABLE_NS_ASSERTIONS = NO;
				GCC_C_LANGUAGE_STANDARD = gnu99;
				GCC_ENABLE_OBJC_EXCEPTIONS = YES;
				GCC_WARN_64_TO_32_BIT_CONVERSION = YES;
				GCC_WARN_ABOUT_RETURN_TYPE = YES_ERROR;
				GCC_WARN_UNDECLARED_SELECTOR = YES;
				GCC_WARN_UNINITIALIZED_AUTOS = YES;
				GCC_WARN_UNUSED_FUNCTION = YES;
				GCC_WARN_UNUSED_VARIABLE = YES;
				MACOSX_DEPLOYMENT_TARGET = 10.8;
				SDKROOT = macosx;
			};
			name = Release;
		};
		A9039FD717EE6E2900C28835 /* Debug */ = {
			isa = XCBuildConfiguration;
			buildSettings = {
				ASSETCATALOG_COMPILER_APPICON_NAME = AppIcon;
				COMBINE_HIDPI_IMAGES = YES;
				GCC_PRECOMPILE_PREFIX_HEADER = YES;
				GCC_PREFIX_HEADER = "AppLauncher/AppLauncher-Prefix.pch";
				HEADER_SEARCH_PATHS = (
					"$(inherited)",
					/Applications/Xcode.app/Contents/Developer/Toolchains/XcodeDefault.xctoolchain/usr/include,
				);
				INFOPLIST_FILE = "AppLauncher/AppLauncher-Info.plist";
				MACOSX_DEPLOYMENT_TARGET = 10.8;
				PRODUCT_NAME = "$(TARGET_NAME)";
				USER_HEADER_SEARCH_PATHS = "";
				WRAPPER_EXTENSION = app;
			};
			name = Debug;
		};
		A9039FD817EE6E2900C28835 /* Release */ = {
			isa = XCBuildConfiguration;
			buildSettings = {
				ASSETCATALOG_COMPILER_APPICON_NAME = AppIcon;
				COMBINE_HIDPI_IMAGES = YES;
				GCC_PRECOMPILE_PREFIX_HEADER = YES;
				GCC_PREFIX_HEADER = "AppLauncher/AppLauncher-Prefix.pch";
				HEADER_SEARCH_PATHS = (
					"$(inherited)",
					/Applications/Xcode.app/Contents/Developer/Toolchains/XcodeDefault.xctoolchain/usr/include,
				);
				INFOPLIST_FILE = "AppLauncher/AppLauncher-Info.plist";
				MACOSX_DEPLOYMENT_TARGET = 10.8;
				PRODUCT_NAME = "$(TARGET_NAME)";
				USER_HEADER_SEARCH_PATHS = "";
				WRAPPER_EXTENSION = app;
			};
			name = Release;
		};
		A9039FDA17EE6E2900C28835 /* Debug */ = {
			isa = XCBuildConfiguration;
			buildSettings = {
				BUNDLE_LOADER = "$(BUILT_PRODUCTS_DIR)/AppLauncher.app/Contents/MacOS/AppLauncher";
				COMBINE_HIDPI_IMAGES = YES;
				FRAMEWORK_SEARCH_PATHS = (
					"$(DEVELOPER_FRAMEWORKS_DIR)",
					"$(inherited)",
				);
				GCC_PRECOMPILE_PREFIX_HEADER = YES;
				GCC_PREFIX_HEADER = "AppLauncher/AppLauncher-Prefix.pch";
				GCC_PREPROCESSOR_DEFINITIONS = (
					"DEBUG=1",
					"$(inherited)",
				);
				INFOPLIST_FILE = "AppLauncherTests/AppLauncherTests-Info.plist";
				PRODUCT_NAME = "$(TARGET_NAME)";
				TEST_HOST = "$(BUNDLE_LOADER)";
				WRAPPER_EXTENSION = xctest;
			};
			name = Debug;
		};
		A9039FDB17EE6E2900C28835 /* Release */ = {
			isa = XCBuildConfiguration;
			buildSettings = {
				BUNDLE_LOADER = "$(BUILT_PRODUCTS_DIR)/AppLauncher.app/Contents/MacOS/AppLauncher";
				COMBINE_HIDPI_IMAGES = YES;
				FRAMEWORK_SEARCH_PATHS = (
					"$(DEVELOPER_FRAMEWORKS_DIR)",
					"$(inherited)",
				);
				GCC_PRECOMPILE_PREFIX_HEADER = YES;
				GCC_PREFIX_HEADER = "AppLauncher/AppLauncher-Prefix.pch";
				INFOPLIST_FILE = "AppLauncherTests/AppLauncherTests-Info.plist";
				PRODUCT_NAME = "$(TARGET_NAME)";
				TEST_HOST = "$(BUNDLE_LOADER)";
				WRAPPER_EXTENSION = xctest;
			};
			name = Release;
		};
/* End XCBuildConfiguration section */

/* Begin XCConfigurationList section */
		A9039F9D17EE6E2900C28835 /* Build configuration list for PBXProject "AppLauncher" */ = {
			isa = XCConfigurationList;
			buildConfigurations = (
				A9039FD417EE6E2900C28835 /* Debug */,
				A9039FD517EE6E2900C28835 /* Release */,
			);
			defaultConfigurationIsVisible = 0;
			defaultConfigurationName = Release;
		};
		A9039FD617EE6E2900C28835 /* Build configuration list for PBXNativeTarget "AppLauncher" */ = {
			isa = XCConfigurationList;
			buildConfigurations = (
				A9039FD717EE6E2900C28835 /* Debug */,
				A9039FD817EE6E2900C28835 /* Release */,
			);
			defaultConfigurationIsVisible = 0;
			defaultConfigurationName = Release;
		};
		A9039FD917EE6E2900C28835 /* Build configuration list for PBXNativeTarget "AppLauncherTests" */ = {
			isa = XCConfigurationList;
			buildConfigurations = (
				A9039FDA17EE6E2900C28835 /* Debug */,
				A9039FDB17EE6E2900C28835 /* Release */,
			);
			defaultConfigurationIsVisible = 0;
			defaultConfigurationName = Release;
		};
/* End XCConfigurationList section */
	};
	rootObject = A9039F9A17EE6E2900C28835 /* Project object */;
}
